# THIS IS AN AUTOGENERATED FILE. DO NOT EDIT THIS FILE DIRECTLY.
# yarn lockfile v1


colors.ts@^1.0.20:
  version "1.0.20"
  resolved "https://registry.yarnpkg.com/colors.ts/-/colors.ts-1.0.20.tgz#bb00bacbe10ecd5dad8867816a1f03fd7d78f05e"
  integrity sha512-MnVQgqGe3S7KLlK0v7rsLQciRgB4NzfRPZ4OZuu8SWNgyJuV651pMqCq7LvJ7eQO586RVspwYvK2ere7xX/m1A==

typescript@latest:
  version "5.7.3"
  resolved "https://registry.yarnpkg.com/typescript/-/typescript-5.7.3.tgz#919b44a7dbb8583a9b856d162be24a54bf80073e"
  integrity sha512-84MVSjMEHP+FQRPy3pX9sTVV/INIex71s9TL2Gm5FG/WG1SqXeKyZ0k7/blY/4FdOzI12CBy1vGc4og/eus0fw==
