# THIS IS AN AUTOGENERATED FILE. DO NOT EDIT THIS FILE DIRECTLY.
# yarn lockfile v1


colors.ts@^1.0.20:
  version "1.0.20"
  resolved "https://registry.yarnpkg.com/colors.ts/-/colors.ts-1.0.20.tgz#bb00bacbe10ecd5dad8867816a1f03fd7d78f05e"
  integrity sha512-MnVQgqGe3S7KLlK0v7rsLQciRgB4NzfRPZ4OZuu8SWNgyJuV651pMqCq7LvJ7eQO586RVspwYvK2ere7xX/m1A==

typescript@^5.8.2:
  version "5.8.2"
  resolved "https://registry.yarnpkg.com/typescript/-/typescript-5.8.2.tgz#8170b3702f74b79db2e5a96207c15e65807999e4"
  integrity sha512-aJn6wq13/afZp/jT9QZmwEjDqqvSGp1VT5GVg+f/t6/oVyrgXM6BY1h9BRh/O5p3PlUPAe+WuiEZOmb/49RqoQ==
